
Microsoft Visual Studio Solution File, Format Version 12.00
# Visual Studio 15
VisualStudioVersion = 15.0.28010.2041
MinimumVisualStudioVersion = 10.0.40219.1
Project("{FAE04EC0-301F-11D3-BF4B-00C04F79EFBC}") = "cieslakLab1", "cieslakLab1\cieslakLab1.csproj", "{08B1BEA3-D93C-465F-8094-C3371E122A2F}"
EndProject
Global
	GlobalSection(SolutionConfigurationPlatforms) = preSolution
		Debug|Any CPU = Debug|Any CPU
		Release|Any CPU = Release|Any CPU
	EndGlobalSection
	GlobalSection(ProjectConfigurationPlatforms) = postSolution
		{08B1BEA3-D93C-465F-8094-C3371E122A2F}.Debug|Any CPU.ActiveCfg = Debug|Any CPU
		{08B1BEA3-D93C-465F-8094-C3371E122A2F}.Debug|Any CPU.Build.0 = Debug|Any CPU
		{08B1BEA3-D93C-465F-8094-C3371E122A2F}.Release|Any CPU.ActiveCfg = Release|Any CPU
		{08B1BEA3-D93C-465F-8094-C3371E122A2F}.Release|Any CPU.Build.0 = Release|Any CPU
	EndGlobalSection
	GlobalSection(SolutionProperties) = preSolution
		HideSolutionNode = FALSE
	EndGlobalSection
	GlobalSection(ExtensibilityGlobals) = postSolution
		SolutionGuid = {9B04F1AC-72BA-4D59-A634-DCE1BBC7E96D}
	EndGlobalSection
EndGlobal
